lockfileVersion: '9.0'

settings:
  autoInstallPeers: true
  excludeLinksFromLockfile: false

importers:

  .:
    dependencies:
      dotenv:
        specifier: ^16.0.3
        version: 16.0.3
      execa:
        specifier: ^6.1.0
        version: 6.1.0
      got:
        specifier: ^12.5.2
        version: 12.5.2
      js-yaml:
        specifier: ^4.1.0
        version: 4.1.0
      octokit:
        specifier: ^4.0.3
        version: 4.0.3
      semver-sort:
        specifier: ^1.0.0
        version: 1.0.0
      zod:
        specifier: ^3.22.3
        version: 3.22.3

packages:

  '@octokit/app@15.1.1':
    resolution: {integrity: sha512-fk8xrCSPTJGpyBdBNI+DcZ224dm0aApv4vi6X7/zTmANXlegKV2Td+dJ+fd7APPaPN7R+xttUsj2Fm+AFDSfMQ==}
    engines: {node: '>= 18'}

  '@octokit/auth-app@7.1.3':
    resolution: {integrity: sha512-GZdkOp2kZTIy5dG9oXqvzUAZiPvDx4C/lMlN6yQjtG9d/+hYa7W8WXTJoOrXE8UdfL9A/sZMl206dmtkl9lwVQ==}
    engines: {node: '>= 18'}

  '@octokit/auth-oauth-app@8.1.1':
    resolution: {integrity: sha512-5UtmxXAvU2wfcHIPPDWzVSAWXVJzG3NWsxb7zCFplCWEmMCArSZV0UQu5jw5goLQXbFyOr5onzEH37UJB3zQQg==}
    engines: {node: '>= 18'}

  '@octokit/auth-oauth-device@7.1.2':
    resolution: {integrity: sha512-gTOIzDeV36OhVfxCl69FmvJix7tJIiU6dlxuzLVAzle7fYfO8UDyddr9B+o4CFQVaMBLMGZ9ak2CWMYcGeZnPw==}
    engines: {node: '>= 18'}

  '@octokit/auth-oauth-user@5.1.1':
    resolution: {integrity: sha512-rRkMz0ErOppdvEfnemHJXgZ9vTPhBuC6yASeFaB7I2yLMd7QpjfrL1mnvRPlyKo+M6eeLxrKanXJ9Qte29SRsw==}
    engines: {node: '>= 18'}

  '@octokit/auth-token@5.1.1':
    resolution: {integrity: sha512-rh3G3wDO8J9wSjfI436JUKzHIxq8NaiL0tVeB2aXmG6p/9859aUOAjA9pmSPNGGZxfwmaJ9ozOJImuNVJdpvbA==}
    engines: {node: '>= 18'}

  '@octokit/auth-unauthenticated@6.1.0':
    resolution: {integrity: sha512-zPSmfrUAcspZH/lOFQnVnvjQZsIvmfApQH6GzJrkIunDooU1Su2qt2FfMTSVPRp7WLTQyC20Kd55lF+mIYaohQ==}
    engines: {node: '>= 18'}

  '@octokit/core@6.1.3':
    resolution: {integrity: sha512-z+j7DixNnfpdToYsOutStDgeRzJSMnbj8T1C/oQjB6Aa+kRfNjs/Fn7W6c8bmlt6mfy3FkgeKBRnDjxQow5dow==}
    engines: {node: '>= 18'}

  '@octokit/endpoint@10.1.2':
    resolution: {integrity: sha512-XybpFv9Ms4hX5OCHMZqyODYqGTZ3H6K6Vva+M9LR7ib/xr1y1ZnlChYv9H680y77Vd/i/k+thXApeRASBQkzhA==}
    engines: {node: '>= 18'}

  '@octokit/graphql@8.1.2':
    resolution: {integrity: sha512-bdlj/CJVjpaz06NBpfHhp4kGJaRZfz7AzC+6EwUImRtrwIw8dIgJ63Xg0OzV9pRn3rIzrt5c2sa++BL0JJ8GLw==}
    engines: {node: '>= 18'}

  '@octokit/oauth-app@7.1.4':
    resolution: {integrity: sha512-Au4zSGsWOZtShLxVUXcZ9TZJVQjpEK/OW2L1SWLE030QVYaZ+69TP4vHBdXakZUifvOELD1VBYEY6eprPcY2Mg==}
    engines: {node: '>= 18'}

  '@octokit/oauth-authorization-url@7.1.1':
    resolution: {integrity: sha512-ooXV8GBSabSWyhLUowlMIVd9l1s2nsOGQdlP2SQ4LnkEsGXzeCvbSbCPdZThXhEFzleGPwbapT0Sb+YhXRyjCA==}
    engines: {node: '>= 18'}

  '@octokit/oauth-methods@5.1.3':
    resolution: {integrity: sha512-M+bDBi5H8FnH0xhCTg0m9hvcnppdDnxUqbZyOkxlLblKpLAR+eT2nbDPvJDp0eLrvJWA1I8OX0KHf/sBMQARRA==}
    engines: {node: '>= 18'}

  '@octokit/openapi-types@22.2.0':
    resolution: {integrity: sha512-QBhVjcUa9W7Wwhm6DBFu6ZZ+1/t/oYxqc2tp81Pi41YNuJinbFRx8B133qVOrAaBbF7D/m0Et6f9/pZt9Rc+tg==}

  '@octokit/openapi-webhooks-types@8.5.1':
    resolution: {integrity: sha512-i3h1b5zpGSB39ffBbYdSGuAd0NhBAwPyA3QV3LYi/lx4lsbZiu7u2UHgXVUR6EpvOI8REOuVh1DZTRfHoJDvuQ==}

  '@octokit/plugin-paginate-graphql@5.2.4':
    resolution: {integrity: sha512-pLZES1jWaOynXKHOqdnwZ5ULeVR6tVVCMm+AUbp0htdcyXDU95WbkYdU4R2ej1wKj5Tu94Mee2Ne0PjPO9cCyA==}
    engines: {node: '>= 18'}
    peerDependencies:
      '@octokit/core': '>=6'

  '@octokit/plugin-paginate-rest@11.3.6':
    resolution: {integrity: sha512-zcvqqf/+TicbTCa/Z+3w4eBJcAxCFymtc0UAIsR3dEVoNilWld4oXdscQ3laXamTszUZdusw97K8+DrbFiOwjw==}
    engines: {node: '>= 18'}
    peerDependencies:
      '@octokit/core': '>=6'

  '@octokit/plugin-rest-endpoint-methods@13.2.6':
    resolution: {integrity: sha512-wMsdyHMjSfKjGINkdGKki06VEkgdEldIGstIEyGX0wbYHGByOwN/KiM+hAAlUwAtPkP3gvXtVQA9L3ITdV2tVw==}
    engines: {node: '>= 18'}
    peerDependencies:
      '@octokit/core': '>=6'

  '@octokit/plugin-retry@7.1.2':
    resolution: {integrity: sha512-XOWnPpH2kJ5VTwozsxGurw+svB2e61aWlmk5EVIYZPwFK5F9h4cyPyj9CIKRyMXMHSwpIsI3mPOdpMmrRhe7UQ==}
    engines: {node: '>= 18'}
    peerDependencies:
      '@octokit/core': '>=6'

  '@octokit/plugin-throttling@9.3.2':
    resolution: {integrity: sha512-FqpvcTpIWFpMMwIeSoypoJXysSAQ3R+ALJhXXSG1HTP3YZOIeLmcNcimKaXxTcws+Sh6yoRl13SJ5r8sXc1Fhw==}
    engines: {node: '>= 18'}
    peerDependencies:
      '@octokit/core': ^6.0.0

  '@octokit/request-error@6.1.6':
    resolution: {integrity: sha512-pqnVKYo/at0NuOjinrgcQYpEbv4snvP3bKMRqHaD9kIsk9u1LCpb2smHZi8/qJfgeNqLo5hNW4Z7FezNdEo0xg==}
    engines: {node: '>= 18'}

  '@octokit/request@9.1.4':
    resolution: {integrity: sha512-tMbOwGm6wDII6vygP3wUVqFTw3Aoo0FnVQyhihh8vVq12uO3P+vQZeo2CKMpWtPSogpACD0yyZAlVlQnjW71DA==}
    engines: {node: '>= 18'}

  '@octokit/types@13.6.2':
    resolution: {integrity: sha512-WpbZfZUcZU77DrSW4wbsSgTPfKcp286q3ItaIgvSbBpZJlu6mnYXAkjZz6LVZPXkEvLIM8McanyZejKTYUHipA==}

  '@octokit/webhooks-methods@5.1.0':
    resolution: {integrity: sha512-yFZa3UH11VIxYnnoOYCVoJ3q4ChuSOk2IVBBQ0O3xtKX4x9bmKb/1t+Mxixv2iUhzMdOl1qeWJqEhouXXzB3rQ==}
    engines: {node: '>= 18'}

  '@octokit/webhooks@13.4.1':
    resolution: {integrity: sha512-I5YPUtfWidh+OzyrlDahJsUpkpGK0kCTmDRbuqGmlCUzOtxdEkX3R4d6Cd08ijQYwkVXQJanPdbKuZBeV2NMaA==}
    engines: {node: '>= 18'}

  '@sindresorhus/is@5.3.0':
    resolution: {integrity: sha512-CX6t4SYQ37lzxicAqsBtxA3OseeoVrh9cSJ5PFYam0GksYlupRfy1A+Q4aYD3zvcfECLc0zO2u+ZnR2UYKvCrw==}
    engines: {node: '>=14.16'}

  '@szmarczak/http-timer@5.0.1':
    resolution: {integrity: sha512-+PmQX0PiAYPMeVYe237LJAYvOMYW1j2rH5YROyS3b4CTVJum34HfRvKvAzozHAQG0TnHNdUfY9nCeUyRAs//cw==}
    engines: {node: '>=14.16'}

  '@types/aws-lambda@8.10.147':
    resolution: {integrity: sha512-nD0Z9fNIZcxYX5Mai2CTmFD7wX7UldCkW2ezCF8D1T5hdiLsnTWDGRpfRYntU6VjTdLQjOvyszru7I1c1oCQew==}

  '@types/http-cache-semantics@4.0.1':
    resolution: {integrity: sha512-SZs7ekbP8CN0txVG2xVRH6EgKmEm31BOxA07vkFaETzZz1xh+cbt8BcI0slpymvwhx5dlFnQG2rTlPVQn+iRPQ==}

  argparse@2.0.1:
    resolution: {integrity: sha512-8+9WqebbFzpX9OR+Wa6O29asIogeRMzcGtAINdpMHHyAg10f05aSFVBbcEqGf/PXw1EjAZ+q2/bEBg3DvurK3Q==}

  before-after-hook@3.0.2:
    resolution: {integrity: sha512-Nik3Sc0ncrMK4UUdXQmAnRtzmNQTAAXmXIopizwZ1W1t8QmfJj+zL4OA2I7XPTPW5z5TDqv4hRo/JzouDJnX3A==}

  bottleneck@2.19.5:
    resolution: {integrity: sha512-VHiNCbI1lKdl44tGrhNfU3lup0Tj/ZBMJB5/2ZbNXRCPuRCO7ed2mgcK4r17y+KB2EfuYuRaVlwNbAeaWGSpbw==}

  cacheable-lookup@7.0.0:
    resolution: {integrity: sha512-+qJyx4xiKra8mZrcwhjMRMUhD5NR1R8esPkzIYxX96JiecFoxAXFuz/GpR3+ev4PE1WamHip78wV0vcmPQtp8w==}
    engines: {node: '>=14.16'}

  cacheable-request@10.2.2:
    resolution: {integrity: sha512-KxjQZM3UIo7/J6W4sLpwFvu1GB3Whv8NtZ8ZrUL284eiQjiXeeqWTdhixNrp/NLZ/JNuFBo6BD4ZaO8ZJ5BN8Q==}
    engines: {node: '>=14.16'}

  cross-spawn@7.0.6:
    resolution: {integrity: sha512-uV2QOWP2nWzsy2aMp8aRibhi9dlzF5Hgh5SHaB9OiTGEyDTiJJyx0uy51QXdyWbtAHNua4XJzUKca3OzKUd3vA==}
    engines: {node: '>= 8'}

  decompress-response@6.0.0:
    resolution: {integrity: sha512-aW35yZM6Bb/4oJlZncMH2LCoZtJXTRxES17vE3hoRiowU2kWHaJKFkSBDnDR+cm9J+9QhXmREyIfv0pji9ejCQ==}
    engines: {node: '>=10'}

  defer-to-connect@2.0.1:
    resolution: {integrity: sha512-4tvttepXG1VaYGrRibk5EwJd1t4udunSOVMdLSAL6mId1ix438oPwPZMALY41FCijukO1L0twNcGsdzS7dHgDg==}
    engines: {node: '>=10'}

  dotenv@16.0.3:
    resolution: {integrity: sha512-7GO6HghkA5fYG9TYnNxi14/7K9f5occMlp3zXAuSxn7CKCxt9xbNWG7yF8hTCSUchlfWSe3uLmlPfigevRItzQ==}
    engines: {node: '>=12'}

  execa@6.1.0:
    resolution: {integrity: sha512-QVWlX2e50heYJcCPG0iWtf8r0xjEYfz/OYLGDYH+IyjWezzPNxz63qNFOu0l4YftGWuizFVZHHs8PrLU5p2IDA==}
    engines: {node: ^12.20.0 || ^14.13.1 || >=16.0.0}

  fast-content-type-parse@2.0.1:
    resolution: {integrity: sha512-nGqtvLrj5w0naR6tDPfB4cUmYCqouzyQiz6C5y/LtcDllJdrcc6WaWW6iXyIIOErTa/XRybj28aasdn4LkVk6Q==}

  form-data-encoder@2.1.3:
    resolution: {integrity: sha512-KqU0nnPMgIJcCOFTNJFEA8epcseEaoox4XZffTgy8jlI6pL/5EFyR54NRG7CnCJN0biY7q52DO3MH6/sJ/TKlQ==}
    engines: {node: '>= 14.17'}

  get-stream@6.0.1:
    resolution: {integrity: sha512-ts6Wi+2j3jQjqi70w5AlN8DFnkSwC+MqmxEzdEALB2qXZYV3X/b1CTfgPLGJNMeAWxdPfU8FO1ms3NUfaHCPYg==}
    engines: {node: '>=10'}

  got@12.5.2:
    resolution: {integrity: sha512-guHGMSEcsA5m1oPRweXUJnug0vuvlkX9wx5hzOka+ZBrBUOJHU0Z1JcNu3QE5IPGnA5aXUsQHdWOD4eJg9/v3A==}
    engines: {node: '>=14.16'}

  http-cache-semantics@4.1.1:
    resolution: {integrity: sha512-er295DKPVsV82j5kw1Gjt+ADA/XYHsajl82cGNQG2eyoPkvgUhX+nDIyelzhIWbbsXP39EHcI6l5tYs2FYqYXQ==}

  http2-wrapper@2.1.11:
    resolution: {integrity: sha512-aNAk5JzLturWEUiuhAN73Jcbq96R7rTitAoXV54FYMatvihnpD2+6PUgU4ce3D/m5VDbw+F5CsyKSF176ptitQ==}
    engines: {node: '>=10.19.0'}

  human-signals@3.0.1:
    resolution: {integrity: sha512-rQLskxnM/5OCldHo+wNXbpVgDn5A17CUoKX+7Sokwaknlq7CdSnphy0W39GU8dw59XiCXmFXDg4fRuckQRKewQ==}
    engines: {node: '>=12.20.0'}

  is-stream@3.0.0:
    resolution: {integrity: sha512-LnQR4bZ9IADDRSkvpqMGvt/tEJWclzklNgSw48V5EAaAeDd6qGvN8ei6k5p0tvxSR171VmGyHuTiAOfxAbr8kA==}
    engines: {node: ^12.20.0 || ^14.13.1 || >=16.0.0}

  isexe@2.0.0:
    resolution: {integrity: sha512-RHxMLp9lnKHGHRng9QFhRCMbYAcVpn69smSGcq3f36xjgVVWThj4qqLbTLlq7Ssj8B+fIQ1EuCEGI2lKsyQeIw==}

  js-yaml@4.1.0:
    resolution: {integrity: sha512-wpxZs9NoxZaJESJGIZTyDEaYpl0FKSA+FB9aJiyemKhMwkxQg63h4T1KJgUGHpTqPDNRcmmYLugrRjJlBtWvRA==}
    hasBin: true

  json-buffer@3.0.1:
    resolution: {integrity: sha512-4bV5BfR2mqfQTJm+V5tPPdf+ZpuhiIvTuAB5g8kcrXOZpTT/QwwVRWBywX1ozr6lEuPdbHxwaJlm9G6mI2sfSQ==}

  keyv@4.5.0:
    resolution: {integrity: sha512-2YvuMsA+jnFGtBareKqgANOEKe1mk3HKiXu2fRmAfyxG0MJAywNhi5ttWA3PMjl4NmpyjZNbFifR2vNjW1znfA==}

  lowercase-keys@3.0.0:
    resolution: {integrity: sha512-ozCC6gdQ+glXOQsveKD0YsDy8DSQFjDTz4zyzEHNV5+JP5D62LmfDZ6o1cycFx9ouG940M5dE8C8CTewdj2YWQ==}
    engines: {node: ^12.20.0 || ^14.13.1 || >=16.0.0}

  merge-stream@2.0.0:
    resolution: {integrity: sha512-abv/qOcuPfk3URPfDzmZU1LKmuw8kT+0nIHvKrKgFrwifol/doWcdA4ZqsWQ8ENrFKkd67Mfpo/LovbIUsbt3w==}

  mimic-fn@4.0.0:
    resolution: {integrity: sha512-vqiC06CuhBTUdZH+RYl8sFrL096vA45Ok5ISO6sE/Mr1jRbGH4Csnhi8f3wKVl7x8mO4Au7Ir9D3Oyv1VYMFJw==}
    engines: {node: '>=12'}

  mimic-response@3.1.0:
    resolution: {integrity: sha512-z0yWI+4FDrrweS8Zmt4Ej5HdJmky15+L2e6Wgn3+iK5fWzb6T3fhNFq2+MeTRb064c6Wr4N/wv0DzQTjNzHNGQ==}
    engines: {node: '>=10'}

  mimic-response@4.0.0:
    resolution: {integrity: sha512-e5ISH9xMYU0DzrT+jl8q2ze9D6eWBto+I8CNpe+VI+K2J/F/k3PdkdTdz4wvGVH4NTpo+NRYTVIuMQEMMcsLqg==}
    engines: {node: ^12.20.0 || ^14.13.1 || >=16.0.0}

  normalize-url@7.2.0:
    resolution: {integrity: sha512-uhXOdZry0L6M2UIo9BTt7FdpBDiAGN/7oItedQwPKh8jh31ZlvC8U9Xl/EJ3aijDHaywXTW3QbZ6LuCocur1YA==}
    engines: {node: '>=12.20'}

  npm-run-path@5.1.0:
    resolution: {integrity: sha512-sJOdmRGrY2sjNTRMbSvluQqg+8X7ZK61yvzBEIDhz4f8z1TZFYABsqjjCBd/0PUNE9M6QDgHJXQkGUEm7Q+l9Q==}
    engines: {node: ^12.20.0 || ^14.13.1 || >=16.0.0}

  octokit@4.0.3:
    resolution: {integrity: sha512-kfqH80Yuuux4fLbZ4SvObjCvVu89U0eCh5+fulh6tr/hJkDYS1inXDGnNJDOp312GANMEhWWMLYmjQR8MvSSMQ==}
    engines: {node: '>= 18'}

  onetime@6.0.0:
    resolution: {integrity: sha512-1FlR+gjXK7X+AsAHso35MnyN5KqGwJRi/31ft6x0M194ht7S+rWAvd7PHss9xSKMzE0asv1pyIHaJYq+BbacAQ==}
    engines: {node: '>=12'}

  p-cancelable@3.0.0:
    resolution: {integrity: sha512-mlVgR3PGuzlo0MmTdk4cXqXWlwQDLnONTAg6sm62XkMJEiRxN3GL3SffkYvqwonbkJBcrI7Uvv5Zh9yjvn2iUw==}
    engines: {node: '>=12.20'}

  path-key@3.1.1:
    resolution: {integrity: sha512-ojmeN0qd+y0jszEtoY48r0Peq5dwMEkIlCOu6Q5f41lfkswXuKtYrhgoTpLnyIcHm24Uhqx+5Tqm2InSwLhE6Q==}
    engines: {node: '>=8'}

  path-key@4.0.0:
    resolution: {integrity: sha512-haREypq7xkM7ErfgIyA0z+Bj4AGKlMSdlQE2jvJo6huWD1EdkKYV+G/T4nq0YEF2vgTT8kqMFKo1uHn950r4SQ==}
    engines: {node: '>=12'}

  quick-lru@5.1.1:
    resolution: {integrity: sha512-WuyALRjWPDGtt/wzJiadO5AXY+8hZ80hVpe6MyivgraREW751X3SbhRvG3eLKOYN+8VEvqLcf3wdnt44Z4S4SA==}
    engines: {node: '>=10'}

  resolve-alpn@1.2.1:
    resolution: {integrity: sha512-0a1F4l73/ZFZOakJnQ3FvkJ2+gSTQWz/r2KE5OdDY0TxPm5h4GkqkWWfM47T7HsbnOtcJVEF4epCVy6u7Q3K+g==}

  responselike@3.0.0:
    resolution: {integrity: sha512-40yHxbNcl2+rzXvZuVkrYohathsSJlMTXKryG5y8uciHv1+xDLHQpgjG64JUO9nrEq2jGLH6IZ8BcZyw3wrweg==}
    engines: {node: '>=14.16'}

  semver-regex@3.1.4:
    resolution: {integrity: sha512-6IiqeZNgq01qGf0TId0t3NvKzSvUsjcpdEO3AQNeIjR6A2+ckTnQlDpl4qu1bjRv0RzN3FP9hzFmws3lKqRWkA==}
    engines: {node: '>=8'}

  semver-sort@1.0.0:
    resolution: {integrity: sha512-JicVlQKz/C//4BiPmbHEDou6HihXxo5xqB/8Hm9FaLJ6HHkRRvYgCECq4u/z0XF8kyJQ/KAZt++A/kYz/oOSSg==}
    engines: {node: '>=0.10.0'}

  semver@5.7.2:
    resolution: {integrity: sha512-cBznnQ9KjJqU67B52RMC65CMarK2600WFnbkcaiwWq3xy/5haFJlshgnpjovMVJ+Hff49d8GEn0b87C5pDQ10g==}
    hasBin: true

  shebang-command@2.0.0:
    resolution: {integrity: sha512-kHxr2zZpYtdmrN1qDjrrX/Z1rR1kG8Dx+gkpK1G4eXmvXswmcE1hTWBWYUzlraYw1/yZp6YuDY77YtvbN0dmDA==}
    engines: {node: '>=8'}

  shebang-regex@3.0.0:
    resolution: {integrity: sha512-7++dFhtcx3353uBaq8DDR4NuxBetBzC7ZQOhmTQInHEd6bSrXdiEyzCvG07Z44UYdLShWUyXt5M/yhz8ekcb1A==}
    engines: {node: '>=8'}

  signal-exit@3.0.7:
    resolution: {integrity: sha512-wnD2ZE+l+SPC/uoS0vXeE9L1+0wuaMqKlfz9AMUo38JsyLSBWSFcHR1Rri62LZc12vLr1gb3jl7iwQhgwpAbGQ==}

  strip-final-newline@3.0.0:
    resolution: {integrity: sha512-dOESqjYr96iWYylGObzd39EuNTa5VJxyvVAEm5Jnh7KGo75V43Hk1odPQkNDyXNmUR6k+gEiDVXnjB8HJ3crXw==}
    engines: {node: '>=12'}

  toad-cache@3.7.0:
    resolution: {integrity: sha512-/m8M+2BJUpoJdgAHoG+baCwBT+tf2VraSfkBgl0Y00qIWt41DJ8R5B8nsEw0I58YwF5IZH6z24/2TobDKnqSWw==}
    engines: {node: '>=12'}

  universal-github-app-jwt@2.2.0:
    resolution: {integrity: sha512-G5o6f95b5BggDGuUfKDApKaCgNYy2x7OdHY0zSMF081O0EJobw+1130VONhrA7ezGSV2FNOGyM+KQpQZAr9bIQ==}

  universal-user-agent@7.0.2:
    resolution: {integrity: sha512-0JCqzSKnStlRRQfCdowvqy3cy0Dvtlb8xecj/H8JFZuCze4rwjPZQOgvFvn0Ws/usCHQFGpyr+pB9adaGwXn4Q==}

  which@2.0.2:
    resolution: {integrity: sha512-BLI3Tl1TW3Pvl70l3yq3Y64i+awpwXqsGBYWkkqMtnbXgrMD+yj7rhW0kuEDxzJaYXGjEW5ogapKNMEKNMjibA==}
    engines: {node: '>= 8'}
    hasBin: true

  zod@3.22.3:
    resolution: {integrity: sha512-EjIevzuJRiRPbVH4mGc8nApb/lVLKVpmUhAaR5R5doKGfAnGJ6Gr3CViAVjP+4FWSxCsybeWQdcgCtbX+7oZug==}

snapshots:

  '@octokit/app@15.1.1':
    dependencies:
      '@octokit/auth-app': 7.1.3
      '@octokit/auth-unauthenticated': 6.1.0
      '@octokit/core': 6.1.3
      '@octokit/oauth-app': 7.1.4
      '@octokit/plugin-paginate-rest': 11.3.6(@octokit/core@6.1.3)
      '@octokit/types': 13.6.2
      '@octokit/webhooks': 13.4.1

  '@octokit/auth-app@7.1.3':
    dependencies:
      '@octokit/auth-oauth-app': 8.1.1
      '@octokit/auth-oauth-user': 5.1.1
      '@octokit/request': 9.1.4
      '@octokit/request-error': 6.1.6
      '@octokit/types': 13.6.2
      toad-cache: 3.7.0
      universal-github-app-jwt: 2.2.0
      universal-user-agent: 7.0.2

  '@octokit/auth-oauth-app@8.1.1':
    dependencies:
      '@octokit/auth-oauth-device': 7.1.2
      '@octokit/auth-oauth-user': 5.1.1
      '@octokit/request': 9.1.4
      '@octokit/types': 13.6.2
      universal-user-agent: 7.0.2

  '@octokit/auth-oauth-device@7.1.2':
    dependencies:
      '@octokit/oauth-methods': 5.1.3
      '@octokit/request': 9.1.4
      '@octokit/types': 13.6.2
      universal-user-agent: 7.0.2

  '@octokit/auth-oauth-user@5.1.1':
    dependencies:
      '@octokit/auth-oauth-device': 7.1.2
      '@octokit/oauth-methods': 5.1.3
      '@octokit/request': 9.1.4
      '@octokit/types': 13.6.2
      universal-user-agent: 7.0.2

  '@octokit/auth-token@5.1.1': {}

  '@octokit/auth-unauthenticated@6.1.0':
    dependencies:
      '@octokit/request-error': 6.1.6
      '@octokit/types': 13.6.2

  '@octokit/core@6.1.3':
    dependencies:
      '@octokit/auth-token': 5.1.1
      '@octokit/graphql': 8.1.2
      '@octokit/request': 9.1.4
      '@octokit/request-error': 6.1.6
      '@octokit/types': 13.6.2
      before-after-hook: 3.0.2
      universal-user-agent: 7.0.2

  '@octokit/endpoint@10.1.2':
    dependencies:
      '@octokit/types': 13.6.2
      universal-user-agent: 7.0.2

  '@octokit/graphql@8.1.2':
    dependencies:
      '@octokit/request': 9.1.4
      '@octokit/types': 13.6.2
      universal-user-agent: 7.0.2

  '@octokit/oauth-app@7.1.4':
    dependencies:
      '@octokit/auth-oauth-app': 8.1.1
      '@octokit/auth-oauth-user': 5.1.1
      '@octokit/auth-unauthenticated': 6.1.0
      '@octokit/core': 6.1.3
      '@octokit/oauth-authorization-url': 7.1.1
      '@octokit/oauth-methods': 5.1.3
      '@types/aws-lambda': 8.10.147
      universal-user-agent: 7.0.2

  '@octokit/oauth-authorization-url@7.1.1': {}

  '@octokit/oauth-methods@5.1.3':
    dependencies:
      '@octokit/oauth-authorization-url': 7.1.1
      '@octokit/request': 9.1.4
      '@octokit/request-error': 6.1.6
      '@octokit/types': 13.6.2

  '@octokit/openapi-types@22.2.0': {}

  '@octokit/openapi-webhooks-types@8.5.1': {}

  '@octokit/plugin-paginate-graphql@5.2.4(@octokit/core@6.1.3)':
    dependencies:
      '@octokit/core': 6.1.3

  '@octokit/plugin-paginate-rest@11.3.6(@octokit/core@6.1.3)':
    dependencies:
      '@octokit/core': 6.1.3
      '@octokit/types': 13.6.2

  '@octokit/plugin-rest-endpoint-methods@13.2.6(@octokit/core@6.1.3)':
    dependencies:
      '@octokit/core': 6.1.3
      '@octokit/types': 13.6.2

  '@octokit/plugin-retry@7.1.2(@octokit/core@6.1.3)':
    dependencies:
      '@octokit/core': 6.1.3
      '@octokit/request-error': 6.1.6
      '@octokit/types': 13.6.2
      bottleneck: 2.19.5

  '@octokit/plugin-throttling@9.3.2(@octokit/core@6.1.3)':
    dependencies:
      '@octokit/core': 6.1.3
      '@octokit/types': 13.6.2
      bottleneck: 2.19.5

  '@octokit/request-error@6.1.6':
    dependencies:
      '@octokit/types': 13.6.2

  '@octokit/request@9.1.4':
    dependencies:
      '@octokit/endpoint': 10.1.2
      '@octokit/request-error': 6.1.6
      '@octokit/types': 13.6.2
      fast-content-type-parse: 2.0.1
      universal-user-agent: 7.0.2

  '@octokit/types@13.6.2':
    dependencies:
      '@octokit/openapi-types': 22.2.0

  '@octokit/webhooks-methods@5.1.0': {}

  '@octokit/webhooks@13.4.1':
    dependencies:
      '@octokit/openapi-webhooks-types': 8.5.1
      '@octokit/request-error': 6.1.6
      '@octokit/webhooks-methods': 5.1.0

  '@sindresorhus/is@5.3.0': {}

  '@szmarczak/http-timer@5.0.1':
    dependencies:
      defer-to-connect: 2.0.1

  '@types/aws-lambda@8.10.147': {}

  '@types/http-cache-semantics@4.0.1': {}

  argparse@2.0.1: {}

  before-after-hook@3.0.2: {}

  bottleneck@2.19.5: {}

  cacheable-lookup@7.0.0: {}

  cacheable-request@10.2.2:
    dependencies:
      '@types/http-cache-semantics': 4.0.1
      get-stream: 6.0.1
      http-cache-semantics: 4.1.1
      keyv: 4.5.0
      mimic-response: 4.0.0
      normalize-url: 7.2.0
      responselike: 3.0.0

  cross-spawn@7.0.6:
    dependencies:
      path-key: 3.1.1
      shebang-command: 2.0.0
      which: 2.0.2

  decompress-response@6.0.0:
    dependencies:
      mimic-response: 3.1.0

  defer-to-connect@2.0.1: {}

  dotenv@16.0.3: {}

  execa@6.1.0:
    dependencies:
      cross-spawn: 7.0.6
      get-stream: 6.0.1
      human-signals: 3.0.1
      is-stream: 3.0.0
      merge-stream: 2.0.0
      npm-run-path: 5.1.0
      onetime: 6.0.0
      signal-exit: 3.0.7
      strip-final-newline: 3.0.0

  fast-content-type-parse@2.0.1: {}

  form-data-encoder@2.1.3: {}

  get-stream@6.0.1: {}

  got@12.5.2:
    dependencies:
      '@sindresorhus/is': 5.3.0
      '@szmarczak/http-timer': 5.0.1
      cacheable-lookup: 7.0.0
      cacheable-request: 10.2.2
      decompress-response: 6.0.0
      form-data-encoder: 2.1.3
      get-stream: 6.0.1
      http2-wrapper: 2.1.11
      lowercase-keys: 3.0.0
      p-cancelable: 3.0.0
      responselike: 3.0.0

  http-cache-semantics@4.1.1: {}

  http2-wrapper@2.1.11:
    dependencies:
      quick-lru: 5.1.1
      resolve-alpn: 1.2.1

  human-signals@3.0.1: {}

  is-stream@3.0.0: {}

  isexe@2.0.0: {}

  js-yaml@4.1.0:
    dependencies:
      argparse: 2.0.1

  json-buffer@3.0.1: {}

  keyv@4.5.0:
    dependencies:
      json-buffer: 3.0.1

  lowercase-keys@3.0.0: {}

  merge-stream@2.0.0: {}

  mimic-fn@4.0.0: {}

  mimic-response@3.1.0: {}

  mimic-response@4.0.0: {}

  normalize-url@7.2.0: {}

  npm-run-path@5.1.0:
    dependencies:
      path-key: 4.0.0

  octokit@4.0.3:
    dependencies:
      '@octokit/app': 15.1.1
      '@octokit/core': 6.1.3
      '@octokit/oauth-app': 7.1.4
      '@octokit/plugin-paginate-graphql': 5.2.4(@octokit/core@6.1.3)
      '@octokit/plugin-paginate-rest': 11.3.6(@octokit/core@6.1.3)
      '@octokit/plugin-rest-endpoint-methods': 13.2.6(@octokit/core@6.1.3)
      '@octokit/plugin-retry': 7.1.2(@octokit/core@6.1.3)
      '@octokit/plugin-throttling': 9.3.2(@octokit/core@6.1.3)
      '@octokit/request-error': 6.1.6
      '@octokit/types': 13.6.2

  onetime@6.0.0:
    dependencies:
      mimic-fn: 4.0.0

  p-cancelable@3.0.0: {}

  path-key@3.1.1: {}

  path-key@4.0.0: {}

  quick-lru@5.1.1: {}

  resolve-alpn@1.2.1: {}

  responselike@3.0.0:
    dependencies:
      lowercase-keys: 3.0.0

  semver-regex@3.1.4: {}

  semver-sort@1.0.0:
    dependencies:
      semver: 5.7.2
      semver-regex: 3.1.4

  semver@5.7.2: {}

  shebang-command@2.0.0:
    dependencies:
      shebang-regex: 3.0.0

  shebang-regex@3.0.0: {}

  signal-exit@3.0.7: {}

  strip-final-newline@3.0.0: {}

  toad-cache@3.7.0: {}

  universal-github-app-jwt@2.2.0: {}

  universal-user-agent@7.0.2: {}

  which@2.0.2:
    dependencies:
      isexe: 2.0.0

  zod@3.22.3: {}
